{
    "_readme": [
        "This file locks the dependencies of your project to a known state",
        "Read more about it at https://getcomposer.org/doc/01-basic-usage.md#composer-lock-the-lock-file",
        "This file is @generated automatically"
    ],
    "content-hash": "fb5597d83badd100ca645b7f920ec7d6",
    "packages": [
        {
            "name": "wpextend/package",
            "version": "1.1.0",
            "source": {
                "type": "git",
                "url": "https://github.com/PaulBalanche/package.git",
                "reference": "7aeaca32a7ebfd1aa6c855060e36d1c5b9a7f8a6"
            },
            "dist": {
                "type": "zip",
                "url": "https://api.github.com/repos/PaulBalanche/package/zipball/7aeaca32a7ebfd1aa6c855060e36d1c5b9a7f8a6",
                "reference": "7aeaca32a7ebfd1aa6c855060e36d1c5b9a7f8a6",
                "shasum": ""
            },
            "require": {
                "php": ">=7.0.0"
            },
            "type": "package",
            "autoload": {
                "psr-4": {
                    "Wpextend\\Package\\": "src/"
                }
            },
            "notification-url": "https://packagist.org/downloads/",
            "license": [
                "proprietary"
            ],
            "authors": [
                {
                    "name": "Paul Balanche",
                    "email": "paul.balanche@gmail.com",
                    "homepage": "https://github.com/PaulBalanche/",
                    "role": "Developer"
                }
            ],
            "description": "WP Extend useful package",
            "time": "2019-10-24T13:09:59+00:00"
        }
    ],
    "packages-dev": [],
    "aliases": [],
    "minimum-stability": "stable",
    "stability-flags": [],
    "prefer-stable": false,
    "prefer-lowest": false,
    "platform": {
        "php": ">=7.0.0"
    },
    "platform-dev": []
}
